
Microsoft Visual Studio Solution File, Format Version 12.00
# Visual Studio Version 17
VisualStudioVersion = 17.5.002.0
MinimumVisualStudioVersion = 10.0.40219.1
Project("{9A19103F-16F7-4668-BE54-9A1E7A4F7556}") = "Razer4870", "Razer4870.csproj", "{4527F911-6505-4797-A0EF-01751ECF7A82}"
EndProject
Global
	GlobalSection(SolutionConfigurationPlatforms) = preSolution
		Debug|Any CPU = Debug|Any CPU
		Release|Any CPU = Release|Any CPU
	EndGlobalSection
	GlobalSection(ProjectConfigurationPlatforms) = postSolution
		{4527F911-6505-4797-A0EF-01751ECF7A82}.Debug|Any CPU.ActiveCfg = Debug|Any CPU
		{4527F911-6505-4797-A0EF-01751ECF7A82}.Debug|Any CPU.Build.0 = Debug|Any CPU
		{4527F911-6505-4797-A0EF-01751ECF7A82}.Release|Any CPU.ActiveCfg = Release|Any CPU
		{4527F911-6505-4797-A0EF-01751ECF7A82}.Release|Any CPU.Build.0 = Release|Any CPU
	EndGlobalSection
	GlobalSection(SolutionProperties) = preSolution
		HideSolutionNode = FALSE
	EndGlobalSection
	GlobalSection(ExtensibilityGlobals) = postSolution
		SolutionGuid = {1C7A7F98-AAEA-4A15-8ECB-67D7F7E94940}
	EndGlobalSection
EndGlobal
